
Microsoft Visual Studio Solution File, Format Version 12.00
# Visual Studio Version 16
VisualStudioVersion = 16.0.30503.244
MinimumVisualStudioVersion = 10.0.40219.1
Project("{9A19103F-16F7-4668-BE54-9A1E7A4F7556}") = "SecurityProtectionBasis2", "SecurityProtectionBasis2\SecurityProtectionBasis2.csproj", "{F54E096B-B28C-4097-BF34-5DD0D974EFD4}"
EndProject
Project("{9A19103F-16F7-4668-BE54-9A1E7A4F7556}") = "SecurityProtectionBasis", "SecurityProtectionBasis\SecurityProtectionBasis.csproj", "{54DD15B9-008D-46ED-BAD6-866BB9A610E1}"
EndProject
Project("{54435603-DBB4-11D2-8724-00A0C9A8B90C}") = "Setup1", "Setup1\Setup1.vdproj", "{FF7A48BC-0FF9-4152-BCA7-3D4FBF27F4AA}"
EndProject
Global
	GlobalSection(SolutionConfigurationPlatforms) = preSolution
		Debug|Any CPU = Debug|Any CPU
		Release|Any CPU = Release|Any CPU
	EndGlobalSection
	GlobalSection(ProjectConfigurationPlatforms) = postSolution
		{F54E096B-B28C-4097-BF34-5DD0D974EFD4}.Debug|Any CPU.ActiveCfg = Debug|Any CPU
		{F54E096B-B28C-4097-BF34-5DD0D974EFD4}.Debug|Any CPU.Build.0 = Debug|Any CPU
		{F54E096B-B28C-4097-BF34-5DD0D974EFD4}.Release|Any CPU.ActiveCfg = Release|Any CPU
		{F54E096B-B28C-4097-BF34-5DD0D974EFD4}.Release|Any CPU.Build.0 = Release|Any CPU
		{54DD15B9-008D-46ED-BAD6-866BB9A610E1}.Debug|Any CPU.ActiveCfg = Debug|Any CPU
		{54DD15B9-008D-46ED-BAD6-866BB9A610E1}.Debug|Any CPU.Build.0 = Debug|Any CPU
		{54DD15B9-008D-46ED-BAD6-866BB9A610E1}.Release|Any CPU.ActiveCfg = Release|Any CPU
		{54DD15B9-008D-46ED-BAD6-866BB9A610E1}.Release|Any CPU.Build.0 = Release|Any CPU
		{FF7A48BC-0FF9-4152-BCA7-3D4FBF27F4AA}.Debug|Any CPU.ActiveCfg = Debug
		{FF7A48BC-0FF9-4152-BCA7-3D4FBF27F4AA}.Release|Any CPU.ActiveCfg = Release
	EndGlobalSection
	GlobalSection(SolutionProperties) = preSolution
		HideSolutionNode = FALSE
	EndGlobalSection
	GlobalSection(ExtensibilityGlobals) = postSolution
		SolutionGuid = {23B3E624-BBDE-4590-85CC-EA2D66D0AAD1}
	EndGlobalSection
EndGlobal
