
Microsoft Visual Studio Solution File, Format Version 12.00
# Visual Studio Version 16
VisualStudioVersion = 16.0.30503.244
MinimumVisualStudioVersion = 10.0.40219.1
Project("{9A19103F-16F7-4668-BE54-9A1E7A4F7556}") = "SecurityProtectionBasis", "SecurityProtectionBasis\SecurityProtectionBasis.csproj", "{81628DA9-131D-41A9-BD2C-5E865CF49A11}"
EndProject
Global
	GlobalSection(SolutionConfigurationPlatforms) = preSolution
		Debug|Any CPU = Debug|Any CPU
		Release|Any CPU = Release|Any CPU
	EndGlobalSection
	GlobalSection(ProjectConfigurationPlatforms) = postSolution
		{81628DA9-131D-41A9-BD2C-5E865CF49A11}.Debug|Any CPU.ActiveCfg = Debug|Any CPU
		{81628DA9-131D-41A9-BD2C-5E865CF49A11}.Debug|Any CPU.Build.0 = Debug|Any CPU
		{81628DA9-131D-41A9-BD2C-5E865CF49A11}.Release|Any CPU.ActiveCfg = Release|Any CPU
		{81628DA9-131D-41A9-BD2C-5E865CF49A11}.Release|Any CPU.Build.0 = Release|Any CPU
	EndGlobalSection
	GlobalSection(SolutionProperties) = preSolution
		HideSolutionNode = FALSE
	EndGlobalSection
	GlobalSection(ExtensibilityGlobals) = postSolution
		SolutionGuid = {A3A1A434-2F49-40D2-94CB-8038A4735661}
	EndGlobalSection
EndGlobal
