
Microsoft Visual Studio Solution File, Format Version 12.00
# Visual Studio Version 16
VisualStudioVersion = 16.0.30503.244
MinimumVisualStudioVersion = 10.0.40219.1
Project("{9A19103F-16F7-4668-BE54-9A1E7A4F7556}") = "SecurityProtectionBasis4", "SecurityProtectionBasis4\SecurityProtectionBasis4.csproj", "{916CAAEF-680F-424F-8ADF-DC9F285ADB11}"
EndProject
Project("{9A19103F-16F7-4668-BE54-9A1E7A4F7556}") = "PasswordGen", "PasswordGen\PasswordGen.csproj", "{76C3C834-56B8-4923-8136-3F9165CFA4E9}"
EndProject
Project("{FAE04EC0-301F-11D3-BF4B-00C04F79EFBC}") = "BreakPassword", "BreakPassword\BreakPassword.csproj", "{02AF8176-2A7E-40F8-9D36-E8821574A63A}"
EndProject
Project("{FAE04EC0-301F-11D3-BF4B-00C04F79EFBC}") = "Modified", "Modified\Modified.csproj", "{EDFFA312-C18F-407C-BEBF-B1A70C1C200C}"
EndProject
Global
	GlobalSection(SolutionConfigurationPlatforms) = preSolution
		Debug|Any CPU = Debug|Any CPU
		Release|Any CPU = Release|Any CPU
	EndGlobalSection
	GlobalSection(ProjectConfigurationPlatforms) = postSolution
		{916CAAEF-680F-424F-8ADF-DC9F285ADB11}.Debug|Any CPU.ActiveCfg = Debug|Any CPU
		{916CAAEF-680F-424F-8ADF-DC9F285ADB11}.Debug|Any CPU.Build.0 = Debug|Any CPU
		{916CAAEF-680F-424F-8ADF-DC9F285ADB11}.Release|Any CPU.ActiveCfg = Release|Any CPU
		{916CAAEF-680F-424F-8ADF-DC9F285ADB11}.Release|Any CPU.Build.0 = Release|Any CPU
		{76C3C834-56B8-4923-8136-3F9165CFA4E9}.Debug|Any CPU.ActiveCfg = Debug|Any CPU
		{76C3C834-56B8-4923-8136-3F9165CFA4E9}.Debug|Any CPU.Build.0 = Debug|Any CPU
		{76C3C834-56B8-4923-8136-3F9165CFA4E9}.Release|Any CPU.ActiveCfg = Release|Any CPU
		{76C3C834-56B8-4923-8136-3F9165CFA4E9}.Release|Any CPU.Build.0 = Release|Any CPU
		{02AF8176-2A7E-40F8-9D36-E8821574A63A}.Debug|Any CPU.ActiveCfg = Debug|Any CPU
		{02AF8176-2A7E-40F8-9D36-E8821574A63A}.Debug|Any CPU.Build.0 = Debug|Any CPU
		{02AF8176-2A7E-40F8-9D36-E8821574A63A}.Release|Any CPU.ActiveCfg = Release|Any CPU
		{02AF8176-2A7E-40F8-9D36-E8821574A63A}.Release|Any CPU.Build.0 = Release|Any CPU
		{EDFFA312-C18F-407C-BEBF-B1A70C1C200C}.Debug|Any CPU.ActiveCfg = Debug|Any CPU
		{EDFFA312-C18F-407C-BEBF-B1A70C1C200C}.Debug|Any CPU.Build.0 = Debug|Any CPU
		{EDFFA312-C18F-407C-BEBF-B1A70C1C200C}.Release|Any CPU.ActiveCfg = Release|Any CPU
		{EDFFA312-C18F-407C-BEBF-B1A70C1C200C}.Release|Any CPU.Build.0 = Release|Any CPU
	EndGlobalSection
	GlobalSection(SolutionProperties) = preSolution
		HideSolutionNode = FALSE
	EndGlobalSection
	GlobalSection(ExtensibilityGlobals) = postSolution
		SolutionGuid = {21DB4FFA-E7D3-45C2-B53E-D92A254B549C}
	EndGlobalSection
EndGlobal
